// !$*UTF8*$!
{
	archiveVersion = 1;
	classes = {
	};
	objectVersion = 46;
	objects = {

/* Begin PBXBuildFile section */
		61FFD5BC1A78336C00D88584 /* AppDelegate.swift in Sources */ = {isa = PBXBuildFile; fileRef = 61FFD5BB1A78336C00D88584 /* AppDelegate.swift */; };
		61FFD5BF1A78336C00D88584 /* MasterDetailTemplete.xcdatamodeld in Sources */ = {isa = PBXBuildFile; fileRef = 61FFD5BD1A78336C00D88584 /* MasterDetailTemplete.xcdatamodeld */; };
		61FFD5C11A78336C00D88584 /* MasterViewController.swift in Sources */ = {isa = PBXBuildFile; fileRef = 61FFD5C01A78336C00D88584 /* MasterViewController.swift */; };
		61FFD5C31A78336C00D88584 /* DetailViewController.swift in Sources */ = {isa = PBXBuildFile; fileRef = 61FFD5C21A78336C00D88584 /* DetailViewController.swift */; };
		61FFD5C61A78336C00D88584 /* Main.storyboard in Resources */ = {isa = PBXBuildFile; fileRef = 61FFD5C41A78336C00D88584 /* Main.storyboard */; };
		61FFD5C81A78336C00D88584 /* Images.xcassets in Resources */ = {isa = PBXBuildFile; fileRef = 61FFD5C71A78336C00D88584 /* Images.xcassets */; };
		61FFD5CB1A78336C00D88584 /* LaunchScreen.xib in Resources */ = {isa = PBXBuildFile; fileRef = 61FFD5C91A78336C00D88584 /* LaunchScreen.xib */; };
		61FFD5D71A78336C00D88584 /* MasterDetailTempleteTests.swift in Sources */ = {isa = PBXBuildFile; fileRef = 61FFD5D61A78336C00D88584 /* MasterDetailTempleteTests.swift */; };
/* End PBXBuildFile section */

/* Begin PBXContainerItemProxy section */
		61FFD5D11A78336C00D88584 /* PBXContainerItemProxy */ = {
			isa = PBXContainerItemProxy;
			containerPortal = 61FFD5AE1A78336C00D88584 /* Project object */;
			proxyType = 1;
			remoteGlobalIDString = 61FFD5B51A78336C00D88584;
			remoteInfo = MasterDetailTemplete;
		};
/* End PBXContainerItemProxy section */

/* Begin PBXFileReference section */
		61FFD5B61A78336C00D88584 /* MasterDetailTemplete.app */ = {isa = PBXFileReference; explicitFileType = wrapper.application; includeInIndex = 0; path = MasterDetailTemplete.app; sourceTree = BUILT_PRODUCTS_DIR; };
		61FFD5BA1A78336C00D88584 /* Info.plist */ = {isa = PBXFileReference; lastKnownFileType = text.plist.xml; path = Info.plist; sourceTree = "<group>"; };
		61FFD5BB1A78336C00D88584 /* AppDelegate.swift */ = {isa = PBXFileReference; lastKnownFileType = sourcecode.swift; path = AppDelegate.swift; sourceTree = "<group>"; };
		61FFD5BE1A78336C00D88584 /* MasterDetailTemplete.xcdatamodel */ = {isa = PBXFileReference; lastKnownFileType = wrapper.xcdatamodel; path = MasterDetailTemplete.xcdatamodel; sourceTree = "<group>"; };
		61FFD5C01A78336C00D88584 /* MasterViewController.swift */ = {isa = PBXFileReference; lastKnownFileType = sourcecode.swift; path = MasterViewController.swift; sourceTree = "<group>"; };
		61FFD5C21A78336C00D88584 /* DetailViewController.swift */ = {isa = PBXFileReference; lastKnownFileType = sourcecode.swift; path = DetailViewController.swift; sourceTree = "<group>"; };
		61FFD5C51A78336C00D88584 /* Base */ = {isa = PBXFileReference; lastKnownFileType = file.storyboard; name = Base; path = Base.lproj/Main.storyboard; sourceTree = "<group>"; };
		61FFD5C71A78336C00D88584 /* Images.xcassets */ = {isa = PBXFileReference; lastKnownFileType = folder.assetcatalog; path = Images.xcassets; sourceTree = "<group>"; };
		61FFD5CA1A78336C00D88584 /* Base */ = {isa = PBXFileReference; lastKnownFileType = file.xib; name = Base; path = Base.lproj/LaunchScreen.xib; sourceTree = "<group>"; };
		61FFD5D01A78336C00D88584 /* MasterDetailTempleteTests.xctest */ = {isa = PBXFileReference; explicitFileType = wrapper.cfbundle; includeInIndex = 0; path = MasterDetailTempleteTests.xctest; sourceTree = BUILT_PRODUCTS_DIR; };
		61FFD5D51A78336C00D88584 /* Info.plist */ = {isa = PBXFileReference; lastKnownFileType = text.plist.xml; path = Info.plist; sourceTree = "<group>"; };
		61FFD5D61A78336C00D88584 /* MasterDetailTempleteTests.swift */ = {isa = PBXFileReference; lastKnownFileType = sourcecode.swift; path = MasterDetailTempleteTests.swift; sourceTree = "<group>"; };
/* End PBXFileReference section */

/* Begin PBXFrameworksBuildPhase section */
		61FFD5B31A78336C00D88584 /* Frameworks */ = {
			isa = PBXFrameworksBuildPhase;
			buildActionMask = 2147483647;
			files = (
			);
			runOnlyForDeploymentPostprocessing = 0;
		};
		61FFD5CD1A78336C00D88584 /* Frameworks */ = {
			isa = PBXFrameworksBuildPhase;
			buildActionMask = 2147483647;
			files = (
			);
			runOnlyForDeploymentPostprocessing = 0;
		};
/* End PBXFrameworksBuildPhase section */

/* Begin PBXGroup section */
		61FFD5AD1A78336C00D88584 = {
			isa = PBXGroup;
			children = (
				61FFD5B81A78336C00D88584 /* MasterDetailTemplete */,
				61FFD5D31A78336C00D88584 /* MasterDetailTempleteTests */,
				61FFD5B71A78336C00D88584 /* Products */,
			);
			sourceTree = "<group>";
		};
		61FFD5B71A78336C00D88584 /* Products */ = {
			isa = PBXGroup;
			children = (
				61FFD5B61A78336C00D88584 /* MasterDetailTemplete.app */,
				61FFD5D01A78336C00D88584 /* MasterDetailTempleteTests.xctest */,
			);
			name = Products;
			sourceTree = "<group>";
		};
		61FFD5B81A78336C00D88584 /* MasterDetailTemplete */ = {
			isa = PBXGroup;
			children = (
				61FFD5BB1A78336C00D88584 /* AppDelegate.swift */,
				61FFD5C01A78336C00D88584 /* MasterViewController.swift */,
				61FFD5C21A78336C00D88584 /* DetailViewController.swift */,
				61FFD5C41A78336C00D88584 /* Main.storyboard */,
				61FFD5C71A78336C00D88584 /* Images.xcassets */,
				61FFD5C91A78336C00D88584 /* LaunchScreen.xib */,
				61FFD5BD1A78336C00D88584 /* MasterDetailTemplete.xcdatamodeld */,
				61FFD5B91A78336C00D88584 /* Supporting Files */,
			);
			path = MasterDetailTemplete;
			sourceTree = "<group>";
		};
		61FFD5B91A78336C00D88584 /* Supporting Files */ = {
			isa = PBXGroup;
			children = (
				61FFD5BA1A78336C00D88584 /* Info.plist */,
			);
			name = "Supporting Files";
			sourceTree = "<group>";
		};
		61FFD5D31A78336C00D88584 /* MasterDetailTempleteTests */ = {
			isa = PBXGroup;
			children = (
				61FFD5D61A78336C00D88584 /* MasterDetailTempleteTests.swift */,
				61FFD5D41A78336C00D88584 /* Supporting Files */,
			);
			path = MasterDetailTempleteTests;
			sourceTree = "<group>";
		};
		61FFD5D41A78336C00D88584 /* Supporting Files */ = {
			isa = PBXGroup;
			children = (
				61FFD5D51A78336C00D88584 /* Info.plist */,
			);
			name = "Supporting Files";
			sourceTree = "<group>";
		};
/* End PBXGroup section */

/* Begin PBXNativeTarget section */
		61FFD5B51A78336C00D88584 /* MasterDetailTemplete */ = {
			isa = PBXNativeTarget;
			buildConfigurationList = 61FFD5DA1A78336C00D88584 /* Build configuration list for PBXNativeTarget "MasterDetailTemplete" */;
			buildPhases = (
				61FFD5B21A78336C00D88584 /* Sources */,
				61FFD5B31A78336C00D88584 /* Frameworks */,
				61FFD5B41A78336C00D88584 /* Resources */,
			);
			buildRules = (
			);
			dependencies = (
			);
			name = MasterDetailTemplete;
			productName = MasterDetailTemplete;
			productReference = 61FFD5B61A78336C00D88584 /* MasterDetailTemplete.app */;
			productType = "com.apple.product-type.application";
		};
		61FFD5CF1A78336C00D88584 /* MasterDetailTempleteTests */ = {
			isa = PBXNativeTarget;
			buildConfigurationList = 61FFD5DD1A78336C00D88584 /* Build configuration list for PBXNativeTarget "MasterDetailTempleteTests" */;
			buildPhases = (
				61FFD5CC1A78336C00D88584 /* Sources */,
				61FFD5CD1A78336C00D88584 /* Frameworks */,
				61FFD5CE1A78336C00D88584 /* Resources */,
			);
			buildRules = (
			);
			dependencies = (
				61FFD5D21A78336C00D88584 /* PBXTargetDependency */,
			);
			name = MasterDetailTempleteTests;
			productName = MasterDetailTempleteTests;
			productReference = 61FFD5D01A78336C00D88584 /* MasterDetailTempleteTests.xctest */;
			productType = "com.apple.product-type.bundle.unit-test";
		};
/* End PBXNativeTarget section */

/* Begin PBXProject section */
		61FFD5AE1A78336C00D88584 /* Project object */ = {
			isa = PBXProject;
			attributes = {
				LastUpgradeCheck = 0610;
				ORGANIZATIONNAME = "Philip Ross";
				TargetAttributes = {
					61FFD5B51A78336C00D88584 = {
						CreatedOnToolsVersion = 6.1.1;
					};
					61FFD5CF1A78336C00D88584 = {
						CreatedOnToolsVersion = 6.1.1;
						TestTargetID = 61FFD5B51A78336C00D88584;
					};
				};
			};
			buildConfigurationList = 61FFD5B11A78336C00D88584 /* Build configuration list for PBXProject "MasterDetailTemplete" */;
			compatibilityVersion = "Xcode 3.2";
			developmentRegion = English;
			hasScannedForEncodings = 0;
			knownRegions = (
				en,
				Base,
			);
			mainGroup = 61FFD5AD1A78336C00D88584;
			productRefGroup = 61FFD5B71A78336C00D88584 /* Products */;
			projectDirPath = "";
			projectRoot = "";
			targets = (
				61FFD5B51A78336C00D88584 /* MasterDetailTemplete */,
				61FFD5CF1A78336C00D88584 /* MasterDetailTempleteTests */,
			);
		};
/* End PBXProject section */

/* Begin PBXResourcesBuildPhase section */
		61FFD5B41A78336C00D88584 /* Resources */ = {
			isa = PBXResourcesBuildPhase;
			buildActionMask = 2147483647;
			files = (
				61FFD5C61A78336C00D88584 /* Main.storyboard in Resources */,
				61FFD5CB1A78336C00D88584 /* LaunchScreen.xib in Resources */,
				61FFD5C81A78336C00D88584 /* Images.xcassets in Resources */,
			);
			runOnlyForDeploymentPostprocessing = 0;
		};
		61FFD5CE1A78336C00D88584 /* Resources */ = {
			isa = PBXResourcesBuildPhase;
			buildActionMask = 2147483647;
			files = (
			);
			runOnlyForDeploymentPostprocessing = 0;
		};
/* End PBXResourcesBuildPhase section */

/* Begin PBXSourcesBuildPhase section */
		61FFD5B21A78336C00D88584 /* Sources */ = {
			isa = PBXSourcesBuildPhase;
			buildActionMask = 2147483647;
			files = (
				61FFD5BF1A78336C00D88584 /* MasterDetailTemplete.xcdatamodeld in Sources */,
				61FFD5BC1A78336C00D88584 /* AppDelegate.swift in Sources */,
				61FFD5C11A78336C00D88584 /* MasterViewController.swift in Sources */,
				61FFD5C31A78336C00D88584 /* DetailViewController.swift in Sources */,
			);
			runOnlyForDeploymentPostprocessing = 0;
		};
		61FFD5CC1A78336C00D88584 /* Sources */ = {
			isa = PBXSourcesBuildPhase;
			buildActionMask = 2147483647;
			files = (
				61FFD5D71A78336C00D88584 /* MasterDetailTempleteTests.swift in Sources */,
			);
			runOnlyForDeploymentPostprocessing = 0;
		};
/* End PBXSourcesBuildPhase section */

/* Begin PBXTargetDependency section */
		61FFD5D21A78336C00D88584 /* PBXTargetDependency */ = {
			isa = PBXTargetDependency;
			target = 61FFD5B51A78336C00D88584 /* MasterDetailTemplete */;
			targetProxy = 61FFD5D11A78336C00D88584 /* PBXContainerItemProxy */;
		};
/* End PBXTargetDependency section */

/* Begin PBXVariantGroup section */
		61FFD5C41A78336C00D88584 /* Main.storyboard */ = {
			isa = PBXVariantGroup;
			children = (
				61FFD5C51A78336C00D88584 /* Base */,
			);
			name = Main.storyboard;
			sourceTree = "<group>";
		};
		61FFD5C91A78336C00D88584 /* LaunchScreen.xib */ = {
			isa = PBXVariantGroup;
			children = (
				61FFD5CA1A78336C00D88584 /* Base */,
			);
			name = LaunchScreen.xib;
			sourceTree = "<group>";
		};
/* End PBXVariantGroup section */

/* Begin XCBuildConfiguration section */
		61FFD5D81A78336C00D88584 /* Debug */ = {
			isa = XCBuildConfiguration;
			buildSettings = {
				ALWAYS_SEARCH_USER_PATHS = NO;
				CLANG_CXX_LANGUAGE_STANDARD = "gnu++0x";
				CLANG_CXX_LIBRARY = "libc++";
				CLANG_ENABLE_MODULES = YES;
				CLANG_ENABLE_OBJC_ARC = YES;
				CLANG_WARN_BOOL_CONVERSION = YES;
				CLANG_WARN_CONSTANT_CONVERSION = YES;
				CLANG_WARN_DIRECT_OBJC_ISA_USAGE = YES_ERROR;
				CLANG_WARN_EMPTY_BODY = YES;
				CLANG_WARN_ENUM_CONVERSION = YES;
				CLANG_WARN_INT_CONVERSION = YES;
				CLANG_WARN_OBJC_ROOT_CLASS = YES_ERROR;
				CLANG_WARN_UNREACHABLE_CODE = YES;
				CLANG_WARN__DUPLICATE_METHOD_MATCH = YES;
				"CODE_SIGN_IDENTITY[sdk=iphoneos*]" = "iPhone Developer";
				COPY_PHASE_STRIP = NO;
				ENABLE_STRICT_OBJC_MSGSEND = YES;
				GCC_C_LANGUAGE_STANDARD = gnu99;
				GCC_DYNAMIC_NO_PIC = NO;
				GCC_OPTIMIZATION_LEVEL = 0;
				GCC_PREPROCESSOR_DEFINITIONS = (
					"DEBUG=1",
					"$(inherited)",
				);
				GCC_SYMBOLS_PRIVATE_EXTERN = NO;
				GCC_WARN_64_TO_32_BIT_CONVERSION = YES;
				GCC_WARN_ABOUT_RETURN_TYPE = YES_ERROR;
				GCC_WARN_UNDECLARED_SELECTOR = YES;
				GCC_WARN_UNINITIALIZED_AUTOS = YES_AGGRESSIVE;
				GCC_WARN_UNUSED_FUNCTION = YES;
				GCC_WARN_UNUSED_VARIABLE = YES;
				IPHONEOS_DEPLOYMENT_TARGET = 8.1;
				MTL_ENABLE_DEBUG_INFO = YES;
				ONLY_ACTIVE_ARCH = YES;
				SDKROOT = iphoneos;
				SWIFT_OPTIMIZATION_LEVEL = "-Onone";
			};
			name = Debug;
		};
		61FFD5D91A78336C00D88584 /* Release */ = {
			isa = XCBuildConfiguration;
			buildSettings = {
				ALWAYS_SEARCH_USER_PATHS = NO;
				CLANG_CXX_LANGUAGE_STANDARD = "gnu++0x";
				CLANG_CXX_LIBRARY = "libc++";
				CLANG_ENABLE_MODULES = YES;
				CLANG_ENABLE_OBJC_ARC = YES;
				CLANG_WARN_BOOL_CONVERSION = YES;
				CLANG_WARN_CONSTANT_CONVERSION = YES;
				CLANG_WARN_DIRECT_OBJC_ISA_USAGE = YES_ERROR;
				CLANG_WARN_EMPTY_BODY = YES;
				CLANG_WARN_ENUM_CONVERSION = YES;
				CLANG_WARN_INT_CONVERSION = YES;
				CLANG_WARN_OBJC_ROOT_CLASS = YES_ERROR;
				CLANG_WARN_UNREACHABLE_CODE = YES;
				CLANG_WARN__DUPLICATE_METHOD_MATCH = YES;
				"CODE_SIGN_IDENTITY[sdk=iphoneos*]" = "iPhone Developer";
				COPY_PHASE_STRIP = YES;
				ENABLE_NS_ASSERTIONS = NO;
				ENABLE_STRICT_OBJC_MSGSEND = YES;
				GCC_C_LANGUAGE_STANDARD = gnu99;
				GCC_WARN_64_TO_32_BIT_CONVERSION = YES;
				GCC_WARN_ABOUT_RETURN_TYPE = YES_ERROR;
				GCC_WARN_UNDECLARED_SELECTOR = YES;
				GCC_WARN_UNINITIALIZED_AUTOS = YES_AGGRESSIVE;
				GCC_WARN_UNUSED_FUNCTION = YES;
				GCC_WARN_UNUSED_VARIABLE = YES;
				IPHONEOS_DEPLOYMENT_TARGET = 8.1;
				MTL_ENABLE_DEBUG_INFO = NO;
				SDKROOT = iphoneos;
				VALIDATE_PRODUCT = YES;
			};
			name = Release;
		};
		61FFD5DB1A78336C00D88584 /* Debug */ = {
			isa = XCBuildConfiguration;
			buildSettings = {
				ASSETCATALOG_COMPILER_APPICON_NAME = AppIcon;
				INFOPLIST_FILE = MasterDetailTemplete/Info.plist;
				LD_RUNPATH_SEARCH_PATHS = "$(inherited) @executable_path/Frameworks";
				PRODUCT_NAME = "$(TARGET_NAME)";
			};
			name = Debug;
		};
		61FFD5DC1A78336C00D88584 /* Release */ = {
			isa = XCBuildConfiguration;
			buildSettings = {
				ASSETCATALOG_COMPILER_APPICON_NAME = AppIcon;
				INFOPLIST_FILE = MasterDetailTemplete/Info.plist;
				LD_RUNPATH_SEARCH_PATHS = "$(inherited) @executable_path/Frameworks";
				PRODUCT_NAME = "$(TARGET_NAME)";
			};
			name = Release;
		};
		61FFD5DE1A78336C00D88584 /* Debug */ = {
			isa = XCBuildConfiguration;
			buildSettings = {
				BUNDLE_LOADER = "$(TEST_HOST)";
				FRAMEWORK_SEARCH_PATHS = (
					"$(SDKROOT)/Developer/Library/Frameworks",
					"$(inherited)",
				);
				GCC_PREPROCESSOR_DEFINITIONS = (
					"DEBUG=1",
					"$(inherited)",
				);
				INFOPLIST_FILE = MasterDetailTempleteTests/Info.plist;
				LD_RUNPATH_SEARCH_PATHS = "$(inherited) @executable_path/Frameworks @loader_path/Frameworks";
				PRODUCT_NAME = "$(TARGET_NAME)";
				TEST_HOST = "$(BUILT_PRODUCTS_DIR)/MasterDetailTemplete.app/MasterDetailTemplete";
			};
			name = Debug;
		};
		61FFD5DF1A78336C00D88584 /* Release */ = {
			isa = XCBuildConfiguration;
			buildSettings = {
				BUNDLE_LOADER = "$(TEST_HOST)";
				FRAMEWORK_SEARCH_PATHS = (
					"$(SDKROOT)/Developer/Library/Frameworks",
					"$(inherited)",
				);
				INFOPLIST_FILE = MasterDetailTempleteTests/Info.plist;
				LD_RUNPATH_SEARCH_PATHS = "$(inherited) @executable_path/Frameworks @loader_path/Frameworks";
				PRODUCT_NAME = "$(TARGET_NAME)";
				TEST_HOST = "$(BUILT_PRODUCTS_DIR)/MasterDetailTemplete.app/MasterDetailTemplete";
			};
			name = Release;
		};
/* End XCBuildConfiguration section */

/* Begin XCConfigurationList section */
		61FFD5B11A78336C00D88584 /* Build configuration list for PBXProject "MasterDetailTemplete" */ = {
			isa = XCConfigurationList;
			buildConfigurations = (
				61FFD5D81A78336C00D88584 /* Debug */,
				61FFD5D91A78336C00D88584 /* Release */,
			);
			defaultConfigurationIsVisible = 0;
			defaultConfigurationName = Release;
		};
		61FFD5DA1A78336C00D88584 /* Build configuration list for PBXNativeTarget "MasterDetailTemplete" */ = {
			isa = XCConfigurationList;
			buildConfigurations = (
				61FFD5DB1A78336C00D88584 /* Debug */,
				61FFD5DC1A78336C00D88584 /* Release */,
			);
			defaultConfigurationIsVisible = 0;
		};
		61FFD5DD1A78336C00D88584 /* Build configuration list for PBXNativeTarget "MasterDetailTempleteTests" */ = {
			isa = XCConfigurationList;
			buildConfigurations = (
				61FFD5DE1A78336C00D88584 /* Debug */,
				61FFD5DF1A78336C00D88584 /* Release */,
			);
			defaultConfigurationIsVisible = 0;
		};
/* End XCConfigurationList section */

/* Begin XCVersionGroup section */
		61FFD5BD1A78336C00D88584 /* MasterDetailTemplete.xcdatamodeld */ = {
			isa = XCVersionGroup;
			children = (
				61FFD5BE1A78336C00D88584 /* MasterDetailTemplete.xcdatamodel */,
			);
			currentVersion = 61FFD5BE1A78336C00D88584 /* MasterDetailTemplete.xcdatamodel */;
			path = MasterDetailTemplete.xcdatamodeld;
			sourceTree = "<group>";
			versionGroupType = wrapper.xcdatamodel;
		};
/* End XCVersionGroup section */
	};
	rootObject = 61FFD5AE1A78336C00D88584 /* Project object */;
}
